#MicroXplorer Configuration settings - do not modify
Mcu.Family=STM32F4
NVIC.USART3_IRQn=true\:0\:0\:false\:false\:true\:true\:true
Dma.USART3_RX.0.Instance=DMA1_Stream1
ProjectManager.MainLocation=Core/Src
PC7.GPIOParameters=GPIO_Label
ProjectManager.ProjectFileName=autonomous_boat.ioc
Dma.USART3_RX.0.PeriphInc=DMA_PINC_DISABLE
RCC.CortexFreq_Value=16000000
ProjectManager.KeepUserCode=true
Mcu.UserName=STM32F446RETx
Mcu.PinsNb=9
PB10.Mode=Asynchronous
ProjectManager.NoMain=false
RCC.PLLCLKFreq_Value=96000000
RCC.PLLQCLKFreq_Value=96000000
PC7.Locked=true
RCC.VCOI2SInputFreq_Value=1000000
ProjectManager.functionlistsort=1-MX_GPIO_Init-GPIO-false-HAL-true,2-MX_DMA_Init-DMA-false-HAL-true,3-SystemClock_Config-RCC-false-HAL-false,4-MX_TIM3_Init-TIM3-false-HAL-true,5-MX_TIM2_Init-TIM2-false-HAL-true,6-MX_USART3_UART_Init-USART3-false-HAL-true
ProjectManager.DefaultFWLocation=true
PB6.GPIO_Label=L298N_IN2
RCC.PLLI2SRCLKFreq_Value=96000000
NVIC.DMA1_Stream1_IRQn=true\:0\:0\:false\:false\:true\:false\:true
ProjectManager.DeletePrevious=true
PC5.Mode=Asynchronous
RCC.SAIAFreq_Value=96000000
PinOutPanel.RotationAngle=0
RCC.FamilyName=M
ProjectManager.StackSize=0x400
Dma.USART3_RX.0.Mode=DMA_NORMAL
Mcu.IP4=TIM2
Mcu.IP5=TIM3
NVIC.SVCall_IRQn=true\:0\:0\:false\:false\:true\:false\:false
Mcu.IP2=RCC
Mcu.IP3=SYS
SH.S_TIM2_CH2.0=TIM2_CH2
Mcu.IP0=DMA
Mcu.IP1=NVIC
USART3.BaudRate=9600
Mcu.UserConstants=
SH.S_TIM3_CH2.ConfNb=1
ProjectManager.TargetToolchain=STM32CubeIDE
Mcu.ThirdPartyNb=0
RCC.SDIOFreq_Value=96000000
Mcu.IPNb=7
TIM2.IPParameters=Prescaler,Period
ProjectManager.PreviousToolchain=
TIM3.Period=2000
SH.S_TIM2_CH2.ConfNb=1
PB6.Signal=GPIO_Output
PC7.Signal=S_TIM3_CH2
Mcu.Pin6=VP_SYS_VS_Systick
Mcu.Pin7=VP_TIM2_VS_ClockSourceINT
VP_TIM2_VS_ClockSourceINT.Signal=TIM2_VS_ClockSourceINT
ProjectManager.RegisterCallBack=
Mcu.Pin8=VP_TIM3_VS_ClockSourceINT
RCC.USBFreq_Value=96000000
RCC.VCOSAIOutputFreq_Value=192000000
VP_TIM3_VS_ClockSourceINT.Signal=TIM3_VS_ClockSourceINT
Mcu.Pin0=PA7
Mcu.Pin1=PC5
GPIO.groupedBy=Group By Peripherals
PB10.Signal=USART3_TX
Mcu.Pin2=PB10
Mcu.Pin3=PC7
TIM3.ClockDivision=TIM_CLOCKDIVISION_DIV4
Mcu.Pin4=PB3
RCC.VCOI2SOutputFreq_Value=192000000
Mcu.Pin5=PB6
ProjectManager.ProjectBuild=false
SH.S_TIM3_CH2.0=TIM3_CH2,PWM Generation2 CH2
NVIC.UsageFault_IRQn=true\:0\:0\:false\:false\:true\:false\:false
Dma.USART3_RX.0.MemDataAlignment=DMA_MDATAALIGN_BYTE
NVIC.DebugMonitor_IRQn=true\:0\:0\:false\:false\:true\:false\:false
RCC.PLLSAIPCLKFreq_Value=96000000
board=custom
RCC.VCOOutputFreq_Value=192000000
NVIC.SysTick_IRQn=true\:0\:0\:false\:false\:true\:false\:true
ProjectManager.LastFirmware=true
ProjectManager.FirmwarePackage=STM32Cube FW_F4 V1.26.2
MxDb.Version=DB.6.0.21
ProjectManager.BackupPrevious=false
MxCube.Version=6.2.1
RCC.VCOInputFreq_Value=1000000
VP_TIM2_VS_ClockSourceINT.Mode=Internal
RCC.PLLI2SPCLKFreq_Value=96000000
File.Version=6
VP_SYS_VS_Systick.Mode=SysTick
Dma.USART3_RX.0.PeriphDataAlignment=DMA_PDATAALIGN_BYTE
TIM3.IPParameters=Channel-PWM Generation2 CH2,Period,ClockDivision
Dma.USART3_RX.0.FIFOMode=DMA_FIFOMODE_DISABLE
NVIC.NonMaskableInt_IRQn=true\:0\:0\:false\:false\:true\:false\:false
RCC.PLLRCLKFreq_Value=96000000
PB6.Locked=true
NVIC.PendSV_IRQn=true\:0\:0\:false\:false\:true\:false\:false
TIM2.Period=2000-1
ProjectManager.FreePins=false
RCC.IPParameters=CECFreq_Value,CortexFreq_Value,FamilyName,PLLCLKFreq_Value,PLLI2SPCLKFreq_Value,PLLI2SQCLKFreq_Value,PLLI2SRCLKFreq_Value,PLLQCLKFreq_Value,PLLRCLKFreq_Value,PLLSAIPCLKFreq_Value,PLLSAIQCLKFreq_Value,SAIAFreq_Value,SAIBFreq_Value,SDIOFreq_Value,USBFreq_Value,VCOI2SInputFreq_Value,VCOI2SOutputFreq_Value,VCOInputFreq_Value,VCOOutputFreq_Value,VCOSAIInputFreq_Value,VCOSAIOutputFreq_Value
ProjectManager.AskForMigrate=true
Dma.RequestsNb=1
Mcu.Name=STM32F446R(C-E)Tx
PB6.GPIOParameters=GPIO_Label
RCC.PLLI2SQCLKFreq_Value=96000000
ProjectManager.HalAssertFull=false
ProjectManager.ProjectName=autonomous_boat
ProjectManager.UnderRoot=true
PC7.GPIO_Label=L298N_ENA
Mcu.IP6=USART3
RCC.VCOSAIInputFreq_Value=1000000
ProjectManager.CoupleFile=false
PB3.Signal=S_TIM2_CH2
Dma.USART3_RX.0.Direction=DMA_PERIPH_TO_MEMORY
Mcu.Package=LQFP64
Dma.USART3_RX.0.Priority=DMA_PRIORITY_LOW
TIM2.Prescaler=160-1
PA7.GPIO_Label=L298N_IN1
PA7.Locked=true
NVIC.ForceEnableDMAVector=true
KeepUserPlacement=false
USART3.VirtualMode=VM_ASYNC
NVIC.MemoryManagement_IRQn=true\:0\:0\:false\:false\:true\:false\:false
ProjectManager.CompilerOptimize=6
ProjectManager.ToolChainLocation=
VP_SYS_VS_Systick.Signal=SYS_VS_Systick
USART3.IPParameters=VirtualMode,BaudRate
ProjectManager.HeapSize=0x200
NVIC.HardFault_IRQn=true\:0\:0\:false\:false\:true\:false\:false
Dma.USART3_RX.0.MemInc=DMA_MINC_ENABLE
ProjectManager.ComputerToolchain=false
NVIC.PriorityGroup=NVIC_PRIORITYGROUP_4
TIM3.Channel-PWM\ Generation2\ CH2=TIM_CHANNEL_2
RCC.CECFreq_Value=32786.88524590164
NVIC.BusFault_IRQn=true\:0\:0\:false\:false\:true\:false\:false
PC5.Signal=USART3_RX
RCC.SAIBFreq_Value=96000000
Dma.Request0=USART3_RX
Dma.USART3_RX.0.RequestParameters=Instance,Direction,PeriphInc,MemInc,PeriphDataAlignment,MemDataAlignment,Mode,Priority,FIFOMode
PA7.GPIOParameters=GPIO_Label
ProjectManager.CustomerFirmwarePackage=
VP_TIM3_VS_ClockSourceINT.Mode=Internal
ProjectManager.DeviceId=STM32F446RETx
ProjectManager.LibraryCopy=1
RCC.PLLSAIQCLKFreq_Value=96000000
PB3.Locked=true
PA7.Signal=GPIO_Output
isbadioc=false
